
Microsoft Visual Studio Solution File, Format Version 12.00
# Visual Studio Version 16
VisualStudioVersion = 16.0.29009.5
MinimumVisualStudioVersion = 10.0.40219.1
Project("{E24C65DC-7377-472B-9ABA-BC803B73C61A}") = "portfolio_web_sitesi", "portfolio_web_sitesi\", "{087B5F87-673F-40C6-ACA8-A904933E0413}"
	ProjectSection(WebsiteProperties) = preProject
		TargetFrameworkMoniker = ".NETFramework,Version%3Dv4.5.2"
		Debug.AspNetCompiler.VirtualPath = "/localhost_63962"
		Debug.AspNetCompiler.PhysicalPath = "D:\KMÜ\PROJELERİM ASPNET\Portfolio\portfolio_web_sitesi\"
		Debug.AspNetCompiler.TargetPath = "PrecompiledWeb\localhost_63962\"
		Debug.AspNetCompiler.Updateable = "true"
		Debug.AspNetCompiler.ForceOverwrite = "true"
		Debug.AspNetCompiler.FixedNames = "false"
		Debug.AspNetCompiler.Debug = "True"
		Release.AspNetCompiler.VirtualPath = "/localhost_63962"
		Release.AspNetCompiler.PhysicalPath = "D:\KMÜ\PROJELERİM ASPNET\Portfolio\portfolio_web_sitesi\"
		Release.AspNetCompiler.TargetPath = "PrecompiledWeb\localhost_63962\"
		Release.AspNetCompiler.Updateable = "true"
		Release.AspNetCompiler.ForceOverwrite = "true"
		Release.AspNetCompiler.FixedNames = "false"
		Release.AspNetCompiler.Debug = "False"
		VWDPort = "63962"
	EndProjectSection
EndProject
Global
	GlobalSection(SolutionConfigurationPlatforms) = preSolution
		Debug|Any CPU = Debug|Any CPU
	EndGlobalSection
	GlobalSection(ProjectConfigurationPlatforms) = postSolution
		{087B5F87-673F-40C6-ACA8-A904933E0413}.Debug|Any CPU.ActiveCfg = Debug|Any CPU
		{087B5F87-673F-40C6-ACA8-A904933E0413}.Debug|Any CPU.Build.0 = Debug|Any CPU
	EndGlobalSection
	GlobalSection(SolutionProperties) = preSolution
		HideSolutionNode = FALSE
	EndGlobalSection
	GlobalSection(ExtensibilityGlobals) = postSolution
		SolutionGuid = {5F2956EA-5159-4E00-B208-4FED327E77B7}
	EndGlobalSection
EndGlobal
